PODS:
  - Alamofire (5.1.0)
  - EasyPeasy (1.9.0)
  - Realm (4.4.1):
    - Realm/Headers (= 4.4.1)
  - Realm/Headers (4.4.1)
  - RealmSwift (4.4.1):
    - Realm (= 4.4.1)
  - SVProgressHUD (2.2.5)
  - SwiftCharts (0.6.5)
  - SwiftyJSON (5.0.0)

DEPENDENCIES:
  - Alamofire
  - EasyPeasy
  - RealmSwift
  - SVProgressHUD
  - SwiftCharts
  - SwiftyJSON

SPEC REPOS:
  trunk:
    - Alamofire
    - EasyPeasy
    - Realm
    - RealmSwift
    - SVProgressHUD
    - SwiftCharts
    - SwiftyJSON

SPEC CHECKSUMS:
  Alamofire: 9d5c5f602928e512395b30950c5984eca840093c
  EasyPeasy: 19a84ef8f8bbcf925b9fecc29d1d78b7dab96718
  Realm: 4eb04d7487bd43c0581256f40b424eafb711deff
  RealmSwift: 3eb8924ff7100df5928c7602f71d0fec51e7c9c5
  SVProgressHUD: 1428aafac632c1f86f62aa4243ec12008d7a51d6
  SwiftCharts: 2e755ea292f0b87d3e4b2c1eb5afc080a20cdc15
  SwiftyJSON: 36413e04c44ee145039d332b4f4e2d3e8d6c4db7

PODFILE CHECKSUM: 39937c216f96134372173b3be06ef78d8ee86c66

COCOAPODS: 1.8.4
